
Microsoft Visual Studio Solution File, Format Version 12.00
# Visual Studio Version 17
VisualStudioVersion = 17.10.34928.147
MinimumVisualStudioVersion = 10.0.40219.1
Project("{FAE04EC0-301F-11D3-BF4B-00C04F79EFBC}") = "zad_01", "zad_01\zad_01.csproj", "{A0D757B4-4FD4-4A2E-AEE0-CD0D0D57AB73}"
EndProject
Project("{FAE04EC0-301F-11D3-BF4B-00C04F79EFBC}") = "zad_02", "zad_02\zad_02.csproj", "{12254CF9-A01E-4F29-A1AD-7415B3619489}"
EndProject
Project("{FAE04EC0-301F-11D3-BF4B-00C04F79EFBC}") = "zad_03", "zad_3\zad_03.csproj", "{23036559-4F90-4416-93BB-62987AADAB71}"
EndProject
Project("{FAE04EC0-301F-11D3-BF4B-00C04F79EFBC}") = "zad_04", "zad_04\zad_04.csproj", "{D74CFFED-D8EF-4546-89E3-8AE612E7EE7E}"
EndProject
Project("{FAE04EC0-301F-11D3-BF4B-00C04F79EFBC}") = "zad_05", "zad_05\zad_05.csproj", "{493AE731-566A-41D1-9495-3E2BF1F88B95}"
EndProject
Project("{FAE04EC0-301F-11D3-BF4B-00C04F79EFBC}") = "zad_06", "zad_06\zad_06.csproj", "{534B5A4C-D798-44B2-BE53-B80EF9D0F7DC}"
EndProject
Project("{FAE04EC0-301F-11D3-BF4B-00C04F79EFBC}") = "zad_07", "zad_07\zad_07.csproj", "{72C53F69-829D-4973-B5A5-59CC92F34EFA}"
EndProject
Project("{FAE04EC0-301F-11D3-BF4B-00C04F79EFBC}") = "zad_08", "zad_08\zad_08.csproj", "{AF354D1C-8174-4E1B-B72F-CA1E1C5DE6ED}"
EndProject
Project("{FAE04EC0-301F-11D3-BF4B-00C04F79EFBC}") = "zad_09", "zad_09\zad_09.csproj", "{CBEA5E01-9596-40A4-A35B-CC7D0821551C}"
EndProject
Project("{FAE04EC0-301F-11D3-BF4B-00C04F79EFBC}") = "zad_10", "zad_11\zad_10.csproj", "{4C7061A9-3D41-41EB-A95F-082972177787}"
EndProject
Project("{FAE04EC0-301F-11D3-BF4B-00C04F79EFBC}") = "zad11", "zad11\zad11.csproj", "{C2D23647-6550-4186-84FA-9F0C976D9895}"
EndProject
Project("{FAE04EC0-301F-11D3-BF4B-00C04F79EFBC}") = "zad_12", "zad_12\zad_12.csproj", "{36896611-EABF-4799-BFB7-6B33015C73DE}"
EndProject
Project("{FAE04EC0-301F-11D3-BF4B-00C04F79EFBC}") = "zad_13", "zad_13\zad_13.csproj", "{AF02FD25-59AD-49FE-A488-ABBE442153D7}"
EndProject
Project("{FAE04EC0-301F-11D3-BF4B-00C04F79EFBC}") = "zad_14", "zad_14\zad_14.csproj", "{2E30AA73-2FF1-4C65-ACB6-16099780521B}"
EndProject
Project("{FAE04EC0-301F-11D3-BF4B-00C04F79EFBC}") = "zad_15", "zad_15\zad_15.csproj", "{457D704D-44DB-460A-A066-872116EC463C}"
EndProject
Project("{FAE04EC0-301F-11D3-BF4B-00C04F79EFBC}") = "traning", "traning\traning.csproj", "{414919AF-6F33-4A68-82DF-980B7DB56C2C}"
EndProject
Project("{FAE04EC0-301F-11D3-BF4B-00C04F79EFBC}") = "zad_16", "zad_16\zad_16.csproj", "{1A34D712-A2E1-4BBC-82F8-7279DDCCB7D3}"
EndProject
Project("{FAE04EC0-301F-11D3-BF4B-00C04F79EFBC}") = "zad_17", "zad_17\zad_17.csproj", "{C66642DF-BAD8-4BF3-90C2-62E2EA11E192}"
EndProject
Project("{FAE04EC0-301F-11D3-BF4B-00C04F79EFBC}") = "zad18", "zad18\zad18.csproj", "{8DB23860-DA6A-4BD7-9689-79AC585A1BB4}"
EndProject
Project("{FAE04EC0-301F-11D3-BF4B-00C04F79EFBC}") = "zad_19", "zad_19\zad_19.csproj", "{E0085998-1815-4F36-8090-A277821EF697}"
EndProject
Project("{2150E333-8FDC-42A3-9474-1A3956D46DE8}") = "zad_20", "zad_20", "{0068EB98-6CA3-49F9-B4BC-88042E6C448D}"
EndProject
Project("{FAE04EC0-301F-11D3-BF4B-00C04F79EFBC}") = "Provider", "zad20\Provider\Provider.csproj", "{CDA17B9C-075F-4794-B25B-3F87AAECAD52}"
EndProject
Project("{FAE04EC0-301F-11D3-BF4B-00C04F79EFBC}") = "Consumer", "zad20\Consumer\Consumer.csproj", "{F14FB9B7-EB40-49B5-87CD-BB06890B6347}"
EndProject
Global
	GlobalSection(SolutionConfigurationPlatforms) = preSolution
		Debug|Any CPU = Debug|Any CPU
		Release|Any CPU = Release|Any CPU
	EndGlobalSection
	GlobalSection(ProjectConfigurationPlatforms) = postSolution
		{A0D757B4-4FD4-4A2E-AEE0-CD0D0D57AB73}.Debug|Any CPU.ActiveCfg = Debug|Any CPU
		{A0D757B4-4FD4-4A2E-AEE0-CD0D0D57AB73}.Debug|Any CPU.Build.0 = Debug|Any CPU
		{A0D757B4-4FD4-4A2E-AEE0-CD0D0D57AB73}.Release|Any CPU.ActiveCfg = Release|Any CPU
		{A0D757B4-4FD4-4A2E-AEE0-CD0D0D57AB73}.Release|Any CPU.Build.0 = Release|Any CPU
		{12254CF9-A01E-4F29-A1AD-7415B3619489}.Debug|Any CPU.ActiveCfg = Debug|Any CPU
		{12254CF9-A01E-4F29-A1AD-7415B3619489}.Debug|Any CPU.Build.0 = Debug|Any CPU
		{12254CF9-A01E-4F29-A1AD-7415B3619489}.Release|Any CPU.ActiveCfg = Release|Any CPU
		{12254CF9-A01E-4F29-A1AD-7415B3619489}.Release|Any CPU.Build.0 = Release|Any CPU
		{23036559-4F90-4416-93BB-62987AADAB71}.Debug|Any CPU.ActiveCfg = Debug|Any CPU
		{23036559-4F90-4416-93BB-62987AADAB71}.Debug|Any CPU.Build.0 = Debug|Any CPU
		{23036559-4F90-4416-93BB-62987AADAB71}.Release|Any CPU.ActiveCfg = Release|Any CPU
		{23036559-4F90-4416-93BB-62987AADAB71}.Release|Any CPU.Build.0 = Release|Any CPU
		{D74CFFED-D8EF-4546-89E3-8AE612E7EE7E}.Debug|Any CPU.ActiveCfg = Debug|Any CPU
		{D74CFFED-D8EF-4546-89E3-8AE612E7EE7E}.Debug|Any CPU.Build.0 = Debug|Any CPU
		{D74CFFED-D8EF-4546-89E3-8AE612E7EE7E}.Release|Any CPU.ActiveCfg = Release|Any CPU
		{D74CFFED-D8EF-4546-89E3-8AE612E7EE7E}.Release|Any CPU.Build.0 = Release|Any CPU
		{493AE731-566A-41D1-9495-3E2BF1F88B95}.Debug|Any CPU.ActiveCfg = Debug|Any CPU
		{493AE731-566A-41D1-9495-3E2BF1F88B95}.Debug|Any CPU.Build.0 = Debug|Any CPU
		{493AE731-566A-41D1-9495-3E2BF1F88B95}.Release|Any CPU.ActiveCfg = Release|Any CPU
		{493AE731-566A-41D1-9495-3E2BF1F88B95}.Release|Any CPU.Build.0 = Release|Any CPU
		{534B5A4C-D798-44B2-BE53-B80EF9D0F7DC}.Debug|Any CPU.ActiveCfg = Debug|Any CPU
		{534B5A4C-D798-44B2-BE53-B80EF9D0F7DC}.Debug|Any CPU.Build.0 = Debug|Any CPU
		{534B5A4C-D798-44B2-BE53-B80EF9D0F7DC}.Release|Any CPU.ActiveCfg = Release|Any CPU
		{534B5A4C-D798-44B2-BE53-B80EF9D0F7DC}.Release|Any CPU.Build.0 = Release|Any CPU
		{72C53F69-829D-4973-B5A5-59CC92F34EFA}.Debug|Any CPU.ActiveCfg = Debug|Any CPU
		{72C53F69-829D-4973-B5A5-59CC92F34EFA}.Debug|Any CPU.Build.0 = Debug|Any CPU
		{72C53F69-829D-4973-B5A5-59CC92F34EFA}.Release|Any CPU.ActiveCfg = Release|Any CPU
		{72C53F69-829D-4973-B5A5-59CC92F34EFA}.Release|Any CPU.Build.0 = Release|Any CPU
		{AF354D1C-8174-4E1B-B72F-CA1E1C5DE6ED}.Debug|Any CPU.ActiveCfg = Debug|Any CPU
		{AF354D1C-8174-4E1B-B72F-CA1E1C5DE6ED}.Debug|Any CPU.Build.0 = Debug|Any CPU
		{AF354D1C-8174-4E1B-B72F-CA1E1C5DE6ED}.Release|Any CPU.ActiveCfg = Release|Any CPU
		{AF354D1C-8174-4E1B-B72F-CA1E1C5DE6ED}.Release|Any CPU.Build.0 = Release|Any CPU
		{CBEA5E01-9596-40A4-A35B-CC7D0821551C}.Debug|Any CPU.ActiveCfg = Debug|Any CPU
		{CBEA5E01-9596-40A4-A35B-CC7D0821551C}.Debug|Any CPU.Build.0 = Debug|Any CPU
		{CBEA5E01-9596-40A4-A35B-CC7D0821551C}.Release|Any CPU.ActiveCfg = Release|Any CPU
		{CBEA5E01-9596-40A4-A35B-CC7D0821551C}.Release|Any CPU.Build.0 = Release|Any CPU
		{4C7061A9-3D41-41EB-A95F-082972177787}.Debug|Any CPU.ActiveCfg = Debug|Any CPU
		{4C7061A9-3D41-41EB-A95F-082972177787}.Debug|Any CPU.Build.0 = Debug|Any CPU
		{4C7061A9-3D41-41EB-A95F-082972177787}.Release|Any CPU.ActiveCfg = Release|Any CPU
		{4C7061A9-3D41-41EB-A95F-082972177787}.Release|Any CPU.Build.0 = Release|Any CPU
		{C2D23647-6550-4186-84FA-9F0C976D9895}.Debug|Any CPU.ActiveCfg = Debug|Any CPU
		{C2D23647-6550-4186-84FA-9F0C976D9895}.Debug|Any CPU.Build.0 = Debug|Any CPU
		{C2D23647-6550-4186-84FA-9F0C976D9895}.Release|Any CPU.ActiveCfg = Release|Any CPU
		{C2D23647-6550-4186-84FA-9F0C976D9895}.Release|Any CPU.Build.0 = Release|Any CPU
		{36896611-EABF-4799-BFB7-6B33015C73DE}.Debug|Any CPU.ActiveCfg = Debug|Any CPU
		{36896611-EABF-4799-BFB7-6B33015C73DE}.Debug|Any CPU.Build.0 = Debug|Any CPU
		{36896611-EABF-4799-BFB7-6B33015C73DE}.Release|Any CPU.ActiveCfg = Release|Any CPU
		{36896611-EABF-4799-BFB7-6B33015C73DE}.Release|Any CPU.Build.0 = Release|Any CPU
		{AF02FD25-59AD-49FE-A488-ABBE442153D7}.Debug|Any CPU.ActiveCfg = Debug|Any CPU
		{AF02FD25-59AD-49FE-A488-ABBE442153D7}.Debug|Any CPU.Build.0 = Debug|Any CPU
		{AF02FD25-59AD-49FE-A488-ABBE442153D7}.Release|Any CPU.ActiveCfg = Release|Any CPU
		{AF02FD25-59AD-49FE-A488-ABBE442153D7}.Release|Any CPU.Build.0 = Release|Any CPU
		{2E30AA73-2FF1-4C65-ACB6-16099780521B}.Debug|Any CPU.ActiveCfg = Debug|Any CPU
		{2E30AA73-2FF1-4C65-ACB6-16099780521B}.Debug|Any CPU.Build.0 = Debug|Any CPU
		{2E30AA73-2FF1-4C65-ACB6-16099780521B}.Release|Any CPU.ActiveCfg = Release|Any CPU
		{2E30AA73-2FF1-4C65-ACB6-16099780521B}.Release|Any CPU.Build.0 = Release|Any CPU
		{457D704D-44DB-460A-A066-872116EC463C}.Debug|Any CPU.ActiveCfg = Debug|Any CPU
		{457D704D-44DB-460A-A066-872116EC463C}.Debug|Any CPU.Build.0 = Debug|Any CPU
		{457D704D-44DB-460A-A066-872116EC463C}.Release|Any CPU.ActiveCfg = Release|Any CPU
		{457D704D-44DB-460A-A066-872116EC463C}.Release|Any CPU.Build.0 = Release|Any CPU
		{414919AF-6F33-4A68-82DF-980B7DB56C2C}.Debug|Any CPU.ActiveCfg = Debug|Any CPU
		{414919AF-6F33-4A68-82DF-980B7DB56C2C}.Debug|Any CPU.Build.0 = Debug|Any CPU
		{414919AF-6F33-4A68-82DF-980B7DB56C2C}.Release|Any CPU.ActiveCfg = Release|Any CPU
		{414919AF-6F33-4A68-82DF-980B7DB56C2C}.Release|Any CPU.Build.0 = Release|Any CPU
		{1A34D712-A2E1-4BBC-82F8-7279DDCCB7D3}.Debug|Any CPU.ActiveCfg = Debug|Any CPU
		{1A34D712-A2E1-4BBC-82F8-7279DDCCB7D3}.Debug|Any CPU.Build.0 = Debug|Any CPU
		{1A34D712-A2E1-4BBC-82F8-7279DDCCB7D3}.Release|Any CPU.ActiveCfg = Release|Any CPU
		{1A34D712-A2E1-4BBC-82F8-7279DDCCB7D3}.Release|Any CPU.Build.0 = Release|Any CPU
		{C66642DF-BAD8-4BF3-90C2-62E2EA11E192}.Debug|Any CPU.ActiveCfg = Debug|Any CPU
		{C66642DF-BAD8-4BF3-90C2-62E2EA11E192}.Debug|Any CPU.Build.0 = Debug|Any CPU
		{C66642DF-BAD8-4BF3-90C2-62E2EA11E192}.Release|Any CPU.ActiveCfg = Release|Any CPU
		{C66642DF-BAD8-4BF3-90C2-62E2EA11E192}.Release|Any CPU.Build.0 = Release|Any CPU
		{8DB23860-DA6A-4BD7-9689-79AC585A1BB4}.Debug|Any CPU.ActiveCfg = Debug|Any CPU
		{8DB23860-DA6A-4BD7-9689-79AC585A1BB4}.Debug|Any CPU.Build.0 = Debug|Any CPU
		{8DB23860-DA6A-4BD7-9689-79AC585A1BB4}.Release|Any CPU.ActiveCfg = Release|Any CPU
		{8DB23860-DA6A-4BD7-9689-79AC585A1BB4}.Release|Any CPU.Build.0 = Release|Any CPU
		{E0085998-1815-4F36-8090-A277821EF697}.Debug|Any CPU.ActiveCfg = Debug|Any CPU
		{E0085998-1815-4F36-8090-A277821EF697}.Debug|Any CPU.Build.0 = Debug|Any CPU
		{E0085998-1815-4F36-8090-A277821EF697}.Release|Any CPU.ActiveCfg = Release|Any CPU
		{E0085998-1815-4F36-8090-A277821EF697}.Release|Any CPU.Build.0 = Release|Any CPU
		{CDA17B9C-075F-4794-B25B-3F87AAECAD52}.Debug|Any CPU.ActiveCfg = Debug|Any CPU
		{CDA17B9C-075F-4794-B25B-3F87AAECAD52}.Debug|Any CPU.Build.0 = Debug|Any CPU
		{CDA17B9C-075F-4794-B25B-3F87AAECAD52}.Release|Any CPU.ActiveCfg = Release|Any CPU
		{CDA17B9C-075F-4794-B25B-3F87AAECAD52}.Release|Any CPU.Build.0 = Release|Any CPU
		{F14FB9B7-EB40-49B5-87CD-BB06890B6347}.Debug|Any CPU.ActiveCfg = Debug|Any CPU
		{F14FB9B7-EB40-49B5-87CD-BB06890B6347}.Debug|Any CPU.Build.0 = Debug|Any CPU
		{F14FB9B7-EB40-49B5-87CD-BB06890B6347}.Release|Any CPU.ActiveCfg = Release|Any CPU
		{F14FB9B7-EB40-49B5-87CD-BB06890B6347}.Release|Any CPU.Build.0 = Release|Any CPU
	EndGlobalSection
	GlobalSection(SolutionProperties) = preSolution
		HideSolutionNode = FALSE
	EndGlobalSection
	GlobalSection(ExtensibilityGlobals) = postSolution
		SolutionGuid = {14D0EBC0-7A70-4251-99D1-9E4F10FE3F7A}
	EndGlobalSection
EndGlobal
